
Microsoft Visual Studio Solution File, Format Version 12.00
# Visual Studio Version 17
VisualStudioVersion = 17.11.35222.181
MinimumVisualStudioVersion = 10.0.40219.1
Project("{FAE04EC0-301F-11D3-BF4B-00C04F79EFBC}") = "VarosokDolgozat", "VarosokDolgozat.csproj", "{0CFB6F78-9EAE-4736-9A85-2FA58CA9A35A}"
EndProject
Global
	GlobalSection(SolutionConfigurationPlatforms) = preSolution
		Debug|Any CPU = Debug|Any CPU
		Release|Any CPU = Release|Any CPU
	EndGlobalSection
	GlobalSection(ProjectConfigurationPlatforms) = postSolution
		{0CFB6F78-9EAE-4736-9A85-2FA58CA9A35A}.Debug|Any CPU.ActiveCfg = Debug|Any CPU
		{0CFB6F78-9EAE-4736-9A85-2FA58CA9A35A}.Debug|Any CPU.Build.0 = Debug|Any CPU
		{0CFB6F78-9EAE-4736-9A85-2FA58CA9A35A}.Release|Any CPU.ActiveCfg = Release|Any CPU
		{0CFB6F78-9EAE-4736-9A85-2FA58CA9A35A}.Release|Any CPU.Build.0 = Release|Any CPU
	EndGlobalSection
	GlobalSection(SolutionProperties) = preSolution
		HideSolutionNode = FALSE
	EndGlobalSection
	GlobalSection(ExtensibilityGlobals) = postSolution
		SolutionGuid = {DECA7006-5786-4F84-AD42-71CE4AE28A03}
	EndGlobalSection
EndGlobal
